// !$*UTF8*$!
{
	archiveVersion = 1;
	classes = {
	};
	objectVersion = 50;
	objects = {

/* Begin PBXBuildFile section */
		04FAB1252376A82D00A61C4B /* AppDelegate.swift in Sources */ = {isa = PBXBuildFile; fileRef = 04FAB1242376A82D00A61C4B /* AppDelegate.swift */; };
		04FAB1272376A82D00A61C4B /* SceneDelegate.swift in Sources */ = {isa = PBXBuildFile; fileRef = 04FAB1262376A82D00A61C4B /* SceneDelegate.swift */; };
		04FAB1292376A82D00A61C4B /* ViewController.swift in Sources */ = {isa = PBXBuildFile; fileRef = 04FAB1282376A82D00A61C4B /* ViewController.swift */; };
		04FAB12C2376A82D00A61C4B /* Main.storyboard in Resources */ = {isa = PBXBuildFile; fileRef = 04FAB12A2376A82D00A61C4B /* Main.storyboard */; };
		04FAB12E2376A83000A61C4B /* Assets.xcassets in Resources */ = {isa = PBXBuildFile; fileRef = 04FAB12D2376A83000A61C4B /* Assets.xcassets */; };
		04FAB1312376A83000A61C4B /* LaunchScreen.storyboard in Resources */ = {isa = PBXBuildFile; fileRef = 04FAB12F2376A83000A61C4B /* LaunchScreen.storyboard */; };
		04FAB1392376A8BF00A61C4B /* TableViewController.swift in Sources */ = {isa = PBXBuildFile; fileRef = 04FAB1382376A8BF00A61C4B /* TableViewController.swift */; };
		04FAB13B2376B13700A61C4B /* Picture.swift in Sources */ = {isa = PBXBuildFile; fileRef = 04FAB13A2376B13700A61C4B /* Picture.swift */; };
		04FAB13D2376B43000A61C4B /* PictureCell.swift in Sources */ = {isa = PBXBuildFile; fileRef = 04FAB13C2376B43000A61C4B /* PictureCell.swift */; };
/* End PBXBuildFile section */

/* Begin PBXFileReference section */
		04FAB1212376A82D00A61C4B /* 100swift_ConsolidationChallenge5.app */ = {isa = PBXFileReference; explicitFileType = wrapper.application; includeInIndex = 0; path = 100swift_ConsolidationChallenge5.app; sourceTree = BUILT_PRODUCTS_DIR; };
		04FAB1242376A82D00A61C4B /* AppDelegate.swift */ = {isa = PBXFileReference; lastKnownFileType = sourcecode.swift; path = AppDelegate.swift; sourceTree = "<group>"; };
		04FAB1262376A82D00A61C4B /* SceneDelegate.swift */ = {isa = PBXFileReference; lastKnownFileType = sourcecode.swift; path = SceneDelegate.swift; sourceTree = "<group>"; };
		04FAB1282376A82D00A61C4B /* ViewController.swift */ = {isa = PBXFileReference; lastKnownFileType = sourcecode.swift; path = ViewController.swift; sourceTree = "<group>"; };
		04FAB12B2376A82D00A61C4B /* Base */ = {isa = PBXFileReference; lastKnownFileType = file.storyboard; name = Base; path = Base.lproj/Main.storyboard; sourceTree = "<group>"; };
		04FAB12D2376A83000A61C4B /* Assets.xcassets */ = {isa = PBXFileReference; lastKnownFileType = folder.assetcatalog; path = Assets.xcassets; sourceTree = "<group>"; };
		04FAB1302376A83000A61C4B /* Base */ = {isa = PBXFileReference; lastKnownFileType = file.storyboard; name = Base; path = Base.lproj/LaunchScreen.storyboard; sourceTree = "<group>"; };
		04FAB1322376A83000A61C4B /* Info.plist */ = {isa = PBXFileReference; lastKnownFileType = text.plist.xml; path = Info.plist; sourceTree = "<group>"; };
		04FAB1382376A8BF00A61C4B /* TableViewController.swift */ = {isa = PBXFileReference; lastKnownFileType = sourcecode.swift; path = TableViewController.swift; sourceTree = "<group>"; };
		04FAB13A2376B13700A61C4B /* Picture.swift */ = {isa = PBXFileReference; lastKnownFileType = sourcecode.swift; path = Picture.swift; sourceTree = "<group>"; };
		04FAB13C2376B43000A61C4B /* PictureCell.swift */ = {isa = PBXFileReference; lastKnownFileType = sourcecode.swift; path = PictureCell.swift; sourceTree = "<group>"; };
/* End PBXFileReference section */

/* Begin PBXFrameworksBuildPhase section */
		04FAB11E2376A82D00A61C4B /* Frameworks */ = {
			isa = PBXFrameworksBuildPhase;
			buildActionMask = 2147483647;
			files = (
			);
			runOnlyForDeploymentPostprocessing = 0;
		};
/* End PBXFrameworksBuildPhase section */

/* Begin PBXGroup section */
		04FAB1182376A82D00A61C4B = {
			isa = PBXGroup;
			children = (
				04FAB1232376A82D00A61C4B /* 100swift_ConsolidationChallenge5 */,
				04FAB1222376A82D00A61C4B /* Products */,
			);
			sourceTree = "<group>";
		};
		04FAB1222376A82D00A61C4B /* Products */ = {
			isa = PBXGroup;
			children = (
				04FAB1212376A82D00A61C4B /* 100swift_ConsolidationChallenge5.app */,
			);
			name = Products;
			sourceTree = "<group>";
		};
		04FAB1232376A82D00A61C4B /* 100swift_ConsolidationChallenge5 */ = {
			isa = PBXGroup;
			children = (
				04FAB1242376A82D00A61C4B /* AppDelegate.swift */,
				04FAB1262376A82D00A61C4B /* SceneDelegate.swift */,
				04FAB1382376A8BF00A61C4B /* TableViewController.swift */,
				04FAB1282376A82D00A61C4B /* ViewController.swift */,
				04FAB12A2376A82D00A61C4B /* Main.storyboard */,
				04FAB13C2376B43000A61C4B /* PictureCell.swift */,
				04FAB13A2376B13700A61C4B /* Picture.swift */,
				04FAB12D2376A83000A61C4B /* Assets.xcassets */,
				04FAB12F2376A83000A61C4B /* LaunchScreen.storyboard */,
				04FAB1322376A83000A61C4B /* Info.plist */,
			);
			path = 100swift_ConsolidationChallenge5;
			sourceTree = "<group>";
		};
/* End PBXGroup section */

/* Begin PBXNativeTarget section */
		04FAB1202376A82D00A61C4B /* 100swift_ConsolidationChallenge5 */ = {
			isa = PBXNativeTarget;
			buildConfigurationList = 04FAB1352376A83000A61C4B /* Build configuration list for PBXNativeTarget "100swift_ConsolidationChallenge5" */;
			buildPhases = (
				04FAB11D2376A82D00A61C4B /* Sources */,
				04FAB11E2376A82D00A61C4B /* Frameworks */,
				04FAB11F2376A82D00A61C4B /* Resources */,
			);
			buildRules = (
			);
			dependencies = (
			);
			name = 100swift_ConsolidationChallenge5;
			productName = 100swift_ConsolidationChallenge5;
			productReference = 04FAB1212376A82D00A61C4B /* 100swift_ConsolidationChallenge5.app */;
			productType = "com.apple.product-type.application";
		};
/* End PBXNativeTarget section */

/* Begin PBXProject section */
		04FAB1192376A82D00A61C4B /* Project object */ = {
			isa = PBXProject;
			attributes = {
				LastSwiftUpdateCheck = 1120;
				LastUpgradeCheck = 1120;
				ORGANIZATIONNAME = "Gera Volobuev";
				TargetAttributes = {
					04FAB1202376A82D00A61C4B = {
						CreatedOnToolsVersion = 11.2;
					};
				};
			};
			buildConfigurationList = 04FAB11C2376A82D00A61C4B /* Build configuration list for PBXProject "100swift_ConsolidationChallenge5" */;
			compatibilityVersion = "Xcode 9.3";
			developmentRegion = en;
			hasScannedForEncodings = 0;
			knownRegions = (
				en,
				Base,
			);
			mainGroup = 04FAB1182376A82D00A61C4B;
			productRefGroup = 04FAB1222376A82D00A61C4B /* Products */;
			projectDirPath = "";
			projectRoot = "";
			targets = (
				04FAB1202376A82D00A61C4B /* 100swift_ConsolidationChallenge5 */,
			);
		};
/* End PBXProject section */

/* Begin PBXResourcesBuildPhase section */
		04FAB11F2376A82D00A61C4B /* Resources */ = {
			isa = PBXResourcesBuildPhase;
			buildActionMask = 2147483647;
			files = (
				04FAB1312376A83000A61C4B /* LaunchScreen.storyboard in Resources */,
				04FAB12E2376A83000A61C4B /* Assets.xcassets in Resources */,
				04FAB12C2376A82D00A61C4B /* Main.storyboard in Resources */,
			);
			runOnlyForDeploymentPostprocessing = 0;
		};
/* End PBXResourcesBuildPhase section */

/* Begin PBXSourcesBuildPhase section */
		04FAB11D2376A82D00A61C4B /* Sources */ = {
			isa = PBXSourcesBuildPhase;
			buildActionMask = 2147483647;
			files = (
				04FAB1292376A82D00A61C4B /* ViewController.swift in Sources */,
				04FAB13B2376B13700A61C4B /* Picture.swift in Sources */,
				04FAB13D2376B43000A61C4B /* PictureCell.swift in Sources */,
				04FAB1252376A82D00A61C4B /* AppDelegate.swift in Sources */,
				04FAB1272376A82D00A61C4B /* SceneDelegate.swift in Sources */,
				04FAB1392376A8BF00A61C4B /* TableViewController.swift in Sources */,
			);
			runOnlyForDeploymentPostprocessing = 0;
		};
/* End PBXSourcesBuildPhase section */

/* Begin PBXVariantGroup section */
		04FAB12A2376A82D00A61C4B /* Main.storyboard */ = {
			isa = PBXVariantGroup;
			children = (
				04FAB12B2376A82D00A61C4B /* Base */,
			);
			name = Main.storyboard;
			sourceTree = "<group>";
		};
		04FAB12F2376A83000A61C4B /* LaunchScreen.storyboard */ = {
			isa = PBXVariantGroup;
			children = (
				04FAB1302376A83000A61C4B /* Base */,
			);
			name = LaunchScreen.storyboard;
			sourceTree = "<group>";
		};
/* End PBXVariantGroup section */

/* Begin XCBuildConfiguration section */
		04FAB1332376A83000A61C4B /* Debug */ = {
			isa = XCBuildConfiguration;
			buildSettings = {
				ALWAYS_SEARCH_USER_PATHS = NO;
				CLANG_ANALYZER_NONNULL = YES;
				CLANG_ANALYZER_NUMBER_OBJECT_CONVERSION = YES_AGGRESSIVE;
				CLANG_CXX_LANGUAGE_STANDARD = "gnu++14";
				CLANG_CXX_LIBRARY = "libc++";
				CLANG_ENABLE_MODULES = YES;
				CLANG_ENABLE_OBJC_ARC = YES;
				CLANG_ENABLE_OBJC_WEAK = YES;
				CLANG_WARN_BLOCK_CAPTURE_AUTORELEASING = YES;
				CLANG_WARN_BOOL_CONVERSION = YES;
				CLANG_WARN_COMMA = YES;
				CLANG_WARN_CONSTANT_CONVERSION = YES;
				CLANG_WARN_DEPRECATED_OBJC_IMPLEMENTATIONS = YES;
				CLANG_WARN_DIRECT_OBJC_ISA_USAGE = YES_ERROR;
				CLANG_WARN_DOCUMENTATION_COMMENTS = YES;
				CLANG_WARN_EMPTY_BODY = YES;
				CLANG_WARN_ENUM_CONVERSION = YES;
				CLANG_WARN_INFINITE_RECURSION = YES;
				CLANG_WARN_INT_CONVERSION = YES;
				CLANG_WARN_NON_LITERAL_NULL_CONVERSION = YES;
				CLANG_WARN_OBJC_IMPLICIT_RETAIN_SELF = YES;
				CLANG_WARN_OBJC_LITERAL_CONVERSION = YES;
				CLANG_WARN_OBJC_ROOT_CLASS = YES_ERROR;
				CLANG_WARN_RANGE_LOOP_ANALYSIS = YES;
				CLANG_WARN_STRICT_PROTOTYPES = YES;
				CLANG_WARN_SUSPICIOUS_MOVE = YES;
				CLANG_WARN_UNGUARDED_AVAILABILITY = YES_AGGRESSIVE;
				CLANG_WARN_UNREACHABLE_CODE = YES;
				CLANG_WARN__DUPLICATE_METHOD_MATCH = YES;
				COPY_PHASE_STRIP = NO;
				DEBUG_INFORMATION_FORMAT = dwarf;
				ENABLE_STRICT_OBJC_MSGSEND = YES;
				ENABLE_TESTABILITY = YES;
				GCC_C_LANGUAGE_STANDARD = gnu11;
				GCC_DYNAMIC_NO_PIC = NO;
				GCC_NO_COMMON_BLOCKS = YES;
				GCC_OPTIMIZATION_LEVEL = 0;
				GCC_PREPROCESSOR_DEFINITIONS = (
					"DEBUG=1",
					"$(inherited)",
				);
				GCC_WARN_64_TO_32_BIT_CONVERSION = YES;
				GCC_WARN_ABOUT_RETURN_TYPE = YES_ERROR;
				GCC_WARN_UNDECLARED_SELECTOR = YES;
				GCC_WARN_UNINITIALIZED_AUTOS = YES_AGGRESSIVE;
				GCC_WARN_UNUSED_FUNCTION = YES;
				GCC_WARN_UNUSED_VARIABLE = YES;
				IPHONEOS_DEPLOYMENT_TARGET = 13.2;
				MTL_ENABLE_DEBUG_INFO = INCLUDE_SOURCE;
				MTL_FAST_MATH = YES;
				ONLY_ACTIVE_ARCH = YES;
				SDKROOT = iphoneos;
				SWIFT_ACTIVE_COMPILATION_CONDITIONS = DEBUG;
				SWIFT_OPTIMIZATION_LEVEL = "-Onone";
			};
			name = Debug;
		};
		04FAB1342376A83000A61C4B /* Release */ = {
			isa = XCBuildConfiguration;
			buildSettings = {
				ALWAYS_SEARCH_USER_PATHS = NO;
				CLANG_ANALYZER_NONNULL = YES;
				CLANG_ANALYZER_NUMBER_OBJECT_CONVERSION = YES_AGGRESSIVE;
				CLANG_CXX_LANGUAGE_STANDARD = "gnu++14";
				CLANG_CXX_LIBRARY = "libc++";
				CLANG_ENABLE_MODULES = YES;
				CLANG_ENABLE_OBJC_ARC = YES;
				CLANG_ENABLE_OBJC_WEAK = YES;
				CLANG_WARN_BLOCK_CAPTURE_AUTORELEASING = YES;
				CLANG_WARN_BOOL_CONVERSION = YES;
				CLANG_WARN_COMMA = YES;
				CLANG_WARN_CONSTANT_CONVERSION = YES;
				CLANG_WARN_DEPRECATED_OBJC_IMPLEMENTATIONS = YES;
				CLANG_WARN_DIRECT_OBJC_ISA_USAGE = YES_ERROR;
				CLANG_WARN_DOCUMENTATION_COMMENTS = YES;
				CLANG_WARN_EMPTY_BODY = YES;
				CLANG_WARN_ENUM_CONVERSION = YES;
				CLANG_WARN_INFINITE_RECURSION = YES;
				CLANG_WARN_INT_CONVERSION = YES;
				CLANG_WARN_NON_LITERAL_NULL_CONVERSION = YES;
				CLANG_WARN_OBJC_IMPLICIT_RETAIN_SELF = YES;
				CLANG_WARN_OBJC_LITERAL_CONVERSION = YES;
				CLANG_WARN_OBJC_ROOT_CLASS = YES_ERROR;
				CLANG_WARN_RANGE_LOOP_ANALYSIS = YES;
				CLANG_WARN_STRICT_PROTOTYPES = YES;
				CLANG_WARN_SUSPICIOUS_MOVE = YES;
				CLANG_WARN_UNGUARDED_AVAILABILITY = YES_AGGRESSIVE;
				CLANG_WARN_UNREACHABLE_CODE = YES;
				CLANG_WARN__DUPLICATE_METHOD_MATCH = YES;
				COPY_PHASE_STRIP = NO;
				DEBUG_INFORMATION_FORMAT = "dwarf-with-dsym";
				ENABLE_NS_ASSERTIONS = NO;
				ENABLE_STRICT_OBJC_MSGSEND = YES;
				GCC_C_LANGUAGE_STANDARD = gnu11;
				GCC_NO_COMMON_BLOCKS = YES;
				GCC_WARN_64_TO_32_BIT_CONVERSION = YES;
				GCC_WARN_ABOUT_RETURN_TYPE = YES_ERROR;
				GCC_WARN_UNDECLARED_SELECTOR = YES;
				GCC_WARN_UNINITIALIZED_AUTOS = YES_AGGRESSIVE;
				GCC_WARN_UNUSED_FUNCTION = YES;
				GCC_WARN_UNUSED_VARIABLE = YES;
				IPHONEOS_DEPLOYMENT_TARGET = 13.2;
				MTL_ENABLE_DEBUG_INFO = NO;
				MTL_FAST_MATH = YES;
				SDKROOT = iphoneos;
				SWIFT_COMPILATION_MODE = wholemodule;
				SWIFT_OPTIMIZATION_LEVEL = "-O";
				VALIDATE_PRODUCT = YES;
			};
			name = Release;
		};
		04FAB1362376A83000A61C4B /* Debug */ = {
			isa = XCBuildConfiguration;
			buildSettings = {
				ASSETCATALOG_COMPILER_APPICON_NAME = AppIcon;
				CODE_SIGN_STYLE = Automatic;
				INFOPLIST_FILE = 100swift_ConsolidationChallenge5/Info.plist;
				LD_RUNPATH_SEARCH_PATHS = (
					"$(inherited)",
					"@executable_path/Frameworks",
				);
				PRODUCT_BUNDLE_IDENTIFIER = "com.example.-00swift-ConsolidationChallenge5";
				PRODUCT_NAME = "$(TARGET_NAME)";
				SWIFT_VERSION = 5.0;
				TARGETED_DEVICE_FAMILY = "1,2";
			};
			name = Debug;
		};
		04FAB1372376A83000A61C4B /* Release */ = {
			isa = XCBuildConfiguration;
			buildSettings = {
				ASSETCATALOG_COMPILER_APPICON_NAME = AppIcon;
				CODE_SIGN_STYLE = Automatic;
				INFOPLIST_FILE = 100swift_ConsolidationChallenge5/Info.plist;
				LD_RUNPATH_SEARCH_PATHS = (
					"$(inherited)",
					"@executable_path/Frameworks",
				);
				PRODUCT_BUNDLE_IDENTIFIER = "com.example.-00swift-ConsolidationChallenge5";
				PRODUCT_NAME = "$(TARGET_NAME)";
				SWIFT_VERSION = 5.0;
				TARGETED_DEVICE_FAMILY = "1,2";
			};
			name = Release;
		};
/* End XCBuildConfiguration section */

/* Begin XCConfigurationList section */
		04FAB11C2376A82D00A61C4B /* Build configuration list for PBXProject "100swift_ConsolidationChallenge5" */ = {
			isa = XCConfigurationList;
			buildConfigurations = (
				04FAB1332376A83000A61C4B /* Debug */,
				04FAB1342376A83000A61C4B /* Release */,
			);
			defaultConfigurationIsVisible = 0;
			defaultConfigurationName = Release;
		};
		04FAB1352376A83000A61C4B /* Build configuration list for PBXNativeTarget "100swift_ConsolidationChallenge5" */ = {
			isa = XCConfigurationList;
			buildConfigurations = (
				04FAB1362376A83000A61C4B /* Debug */,
				04FAB1372376A83000A61C4B /* Release */,
			);
			defaultConfigurationIsVisible = 0;
			defaultConfigurationName = Release;
		};
/* End XCConfigurationList section */
	};
	rootObject = 04FAB1192376A82D00A61C4B /* Project object */;
}
