// !$*UTF8*$!
{
	archiveVersion = 1;
	classes = {
	};
	objectVersion = 50;
	objects = {

/* Begin PBXBuildFile section */
		04001174238133B100D81A88 /* AppDelegate.swift in Sources */ = {isa = PBXBuildFile; fileRef = 04001173238133B100D81A88 /* AppDelegate.swift */; };
		04001176238133B100D81A88 /* GameScene.sks in Resources */ = {isa = PBXBuildFile; fileRef = 04001175238133B100D81A88 /* GameScene.sks */; };
		0400117A238133B100D81A88 /* GameScene.swift in Sources */ = {isa = PBXBuildFile; fileRef = 04001179238133B100D81A88 /* GameScene.swift */; };
		0400117C238133B100D81A88 /* GameViewController.swift in Sources */ = {isa = PBXBuildFile; fileRef = 0400117B238133B100D81A88 /* GameViewController.swift */; };
		0400117F238133B100D81A88 /* Main.storyboard in Resources */ = {isa = PBXBuildFile; fileRef = 0400117D238133B100D81A88 /* Main.storyboard */; };
		04001181238133B300D81A88 /* Assets.xcassets in Resources */ = {isa = PBXBuildFile; fileRef = 04001180238133B300D81A88 /* Assets.xcassets */; };
		04001184238133B300D81A88 /* LaunchScreen.storyboard in Resources */ = {isa = PBXBuildFile; fileRef = 04001182238133B300D81A88 /* LaunchScreen.storyboard */; };
		0400118D2381348200D81A88 /* whackBad.caf in Resources */ = {isa = PBXBuildFile; fileRef = 0400118B2381348200D81A88 /* whackBad.caf */; };
		0400118E2381348200D81A88 /* whack.caf in Resources */ = {isa = PBXBuildFile; fileRef = 0400118C2381348200D81A88 /* whack.caf */; };
		040011902381364A00D81A88 /* WhackSlot.swift in Sources */ = {isa = PBXBuildFile; fileRef = 0400118F2381364A00D81A88 /* WhackSlot.swift */; };
		04FFD700238169BF00222939 /* smokeParticle.sks in Resources */ = {isa = PBXBuildFile; fileRef = 04FFD6FF238169BF00222939 /* smokeParticle.sks */; };
		04FFD71023816B3700222939 /* MyParticle.sks in Resources */ = {isa = PBXBuildFile; fileRef = 04FFD70F23816B3700222939 /* MyParticle.sks */; };
/* End PBXBuildFile section */

/* Begin PBXFileReference section */
		04001170238133B100D81A88 /* 100swift_Project14.app */ = {isa = PBXFileReference; explicitFileType = wrapper.application; includeInIndex = 0; path = 100swift_Project14.app; sourceTree = BUILT_PRODUCTS_DIR; };
		04001173238133B100D81A88 /* AppDelegate.swift */ = {isa = PBXFileReference; lastKnownFileType = sourcecode.swift; path = AppDelegate.swift; sourceTree = "<group>"; };
		04001175238133B100D81A88 /* GameScene.sks */ = {isa = PBXFileReference; lastKnownFileType = file.sks; path = GameScene.sks; sourceTree = "<group>"; };
		04001179238133B100D81A88 /* GameScene.swift */ = {isa = PBXFileReference; lastKnownFileType = sourcecode.swift; path = GameScene.swift; sourceTree = "<group>"; };
		0400117B238133B100D81A88 /* GameViewController.swift */ = {isa = PBXFileReference; lastKnownFileType = sourcecode.swift; path = GameViewController.swift; sourceTree = "<group>"; };
		0400117E238133B100D81A88 /* Base */ = {isa = PBXFileReference; lastKnownFileType = file.storyboard; name = Base; path = Base.lproj/Main.storyboard; sourceTree = "<group>"; };
		04001180238133B300D81A88 /* Assets.xcassets */ = {isa = PBXFileReference; lastKnownFileType = folder.assetcatalog; path = Assets.xcassets; sourceTree = "<group>"; };
		04001183238133B300D81A88 /* Base */ = {isa = PBXFileReference; lastKnownFileType = file.storyboard; name = Base; path = Base.lproj/LaunchScreen.storyboard; sourceTree = "<group>"; };
		04001185238133B300D81A88 /* Info.plist */ = {isa = PBXFileReference; lastKnownFileType = text.plist.xml; path = Info.plist; sourceTree = "<group>"; };
		0400118B2381348200D81A88 /* whackBad.caf */ = {isa = PBXFileReference; lastKnownFileType = file; name = whackBad.caf; path = "../../HackingWithSwift-master/project14-files/Content/whackBad.caf"; sourceTree = "<group>"; };
		0400118C2381348200D81A88 /* whack.caf */ = {isa = PBXFileReference; lastKnownFileType = file; name = whack.caf; path = "../../HackingWithSwift-master/project14-files/Content/whack.caf"; sourceTree = "<group>"; };
		0400118F2381364A00D81A88 /* WhackSlot.swift */ = {isa = PBXFileReference; lastKnownFileType = sourcecode.swift; path = WhackSlot.swift; sourceTree = "<group>"; };
		04FFD6FF238169BF00222939 /* smokeParticle.sks */ = {isa = PBXFileReference; lastKnownFileType = file.sks; path = smokeParticle.sks; sourceTree = "<group>"; };
		04FFD70F23816B3700222939 /* MyParticle.sks */ = {isa = PBXFileReference; lastKnownFileType = file.sks; path = MyParticle.sks; sourceTree = "<group>"; };
/* End PBXFileReference section */

/* Begin PBXFrameworksBuildPhase section */
		0400116D238133B100D81A88 /* Frameworks */ = {
			isa = PBXFrameworksBuildPhase;
			buildActionMask = 2147483647;
			files = (
			);
			runOnlyForDeploymentPostprocessing = 0;
		};
/* End PBXFrameworksBuildPhase section */

/* Begin PBXGroup section */
		04001167238133B100D81A88 = {
			isa = PBXGroup;
			children = (
				04001172238133B100D81A88 /* 100swift_Project14 */,
				04001171238133B100D81A88 /* Products */,
			);
			sourceTree = "<group>";
		};
		04001171238133B100D81A88 /* Products */ = {
			isa = PBXGroup;
			children = (
				04001170238133B100D81A88 /* 100swift_Project14.app */,
			);
			name = Products;
			sourceTree = "<group>";
		};
		04001172238133B100D81A88 /* 100swift_Project14 */ = {
			isa = PBXGroup;
			children = (
				04001173238133B100D81A88 /* AppDelegate.swift */,
				04001175238133B100D81A88 /* GameScene.sks */,
				04001179238133B100D81A88 /* GameScene.swift */,
				04FFD70F23816B3700222939 /* MyParticle.sks */,
				04FFD6FF238169BF00222939 /* smokeParticle.sks */,
				0400118F2381364A00D81A88 /* WhackSlot.swift */,
				0400117B238133B100D81A88 /* GameViewController.swift */,
				0400117D238133B100D81A88 /* Main.storyboard */,
				04001180238133B300D81A88 /* Assets.xcassets */,
				04001182238133B300D81A88 /* LaunchScreen.storyboard */,
				04001185238133B300D81A88 /* Info.plist */,
				0400118C2381348200D81A88 /* whack.caf */,
				0400118B2381348200D81A88 /* whackBad.caf */,
			);
			path = 100swift_Project14;
			sourceTree = "<group>";
		};
/* End PBXGroup section */

/* Begin PBXNativeTarget section */
		0400116F238133B100D81A88 /* 100swift_Project14 */ = {
			isa = PBXNativeTarget;
			buildConfigurationList = 04001188238133B300D81A88 /* Build configuration list for PBXNativeTarget "100swift_Project14" */;
			buildPhases = (
				0400116C238133B100D81A88 /* Sources */,
				0400116D238133B100D81A88 /* Frameworks */,
				0400116E238133B100D81A88 /* Resources */,
			);
			buildRules = (
			);
			dependencies = (
			);
			name = 100swift_Project14;
			productName = 100swift_Project14;
			productReference = 04001170238133B100D81A88 /* 100swift_Project14.app */;
			productType = "com.apple.product-type.application";
		};
/* End PBXNativeTarget section */

/* Begin PBXProject section */
		04001168238133B100D81A88 /* Project object */ = {
			isa = PBXProject;
			attributes = {
				LastSwiftUpdateCheck = 1120;
				LastUpgradeCheck = 1120;
				ORGANIZATIONNAME = "Gera Volobuev";
				TargetAttributes = {
					0400116F238133B100D81A88 = {
						CreatedOnToolsVersion = 11.2;
					};
				};
			};
			buildConfigurationList = 0400116B238133B100D81A88 /* Build configuration list for PBXProject "100swift_Project14" */;
			compatibilityVersion = "Xcode 9.3";
			developmentRegion = en;
			hasScannedForEncodings = 0;
			knownRegions = (
				en,
				Base,
			);
			mainGroup = 04001167238133B100D81A88;
			productRefGroup = 04001171238133B100D81A88 /* Products */;
			projectDirPath = "";
			projectRoot = "";
			targets = (
				0400116F238133B100D81A88 /* 100swift_Project14 */,
			);
		};
/* End PBXProject section */

/* Begin PBXResourcesBuildPhase section */
		0400116E238133B100D81A88 /* Resources */ = {
			isa = PBXResourcesBuildPhase;
			buildActionMask = 2147483647;
			files = (
				0400118D2381348200D81A88 /* whackBad.caf in Resources */,
				0400117F238133B100D81A88 /* Main.storyboard in Resources */,
				04001176238133B100D81A88 /* GameScene.sks in Resources */,
				04001181238133B300D81A88 /* Assets.xcassets in Resources */,
				04001184238133B300D81A88 /* LaunchScreen.storyboard in Resources */,
				04FFD700238169BF00222939 /* smokeParticle.sks in Resources */,
				0400118E2381348200D81A88 /* whack.caf in Resources */,
				04FFD71023816B3700222939 /* MyParticle.sks in Resources */,
			);
			runOnlyForDeploymentPostprocessing = 0;
		};
/* End PBXResourcesBuildPhase section */

/* Begin PBXSourcesBuildPhase section */
		0400116C238133B100D81A88 /* Sources */ = {
			isa = PBXSourcesBuildPhase;
			buildActionMask = 2147483647;
			files = (
				0400117A238133B100D81A88 /* GameScene.swift in Sources */,
				0400117C238133B100D81A88 /* GameViewController.swift in Sources */,
				040011902381364A00D81A88 /* WhackSlot.swift in Sources */,
				04001174238133B100D81A88 /* AppDelegate.swift in Sources */,
			);
			runOnlyForDeploymentPostprocessing = 0;
		};
/* End PBXSourcesBuildPhase section */

/* Begin PBXVariantGroup section */
		0400117D238133B100D81A88 /* Main.storyboard */ = {
			isa = PBXVariantGroup;
			children = (
				0400117E238133B100D81A88 /* Base */,
			);
			name = Main.storyboard;
			sourceTree = "<group>";
		};
		04001182238133B300D81A88 /* LaunchScreen.storyboard */ = {
			isa = PBXVariantGroup;
			children = (
				04001183238133B300D81A88 /* Base */,
			);
			name = LaunchScreen.storyboard;
			sourceTree = "<group>";
		};
/* End PBXVariantGroup section */

/* Begin XCBuildConfiguration section */
		04001186238133B300D81A88 /* Debug */ = {
			isa = XCBuildConfiguration;
			buildSettings = {
				ALWAYS_SEARCH_USER_PATHS = NO;
				CLANG_ANALYZER_NONNULL = YES;
				CLANG_ANALYZER_NUMBER_OBJECT_CONVERSION = YES_AGGRESSIVE;
				CLANG_CXX_LANGUAGE_STANDARD = "gnu++14";
				CLANG_CXX_LIBRARY = "libc++";
				CLANG_ENABLE_MODULES = YES;
				CLANG_ENABLE_OBJC_ARC = YES;
				CLANG_ENABLE_OBJC_WEAK = YES;
				CLANG_WARN_BLOCK_CAPTURE_AUTORELEASING = YES;
				CLANG_WARN_BOOL_CONVERSION = YES;
				CLANG_WARN_COMMA = YES;
				CLANG_WARN_CONSTANT_CONVERSION = YES;
				CLANG_WARN_DEPRECATED_OBJC_IMPLEMENTATIONS = YES;
				CLANG_WARN_DIRECT_OBJC_ISA_USAGE = YES_ERROR;
				CLANG_WARN_DOCUMENTATION_COMMENTS = YES;
				CLANG_WARN_EMPTY_BODY = YES;
				CLANG_WARN_ENUM_CONVERSION = YES;
				CLANG_WARN_INFINITE_RECURSION = YES;
				CLANG_WARN_INT_CONVERSION = YES;
				CLANG_WARN_NON_LITERAL_NULL_CONVERSION = YES;
				CLANG_WARN_OBJC_IMPLICIT_RETAIN_SELF = YES;
				CLANG_WARN_OBJC_LITERAL_CONVERSION = YES;
				CLANG_WARN_OBJC_ROOT_CLASS = YES_ERROR;
				CLANG_WARN_RANGE_LOOP_ANALYSIS = YES;
				CLANG_WARN_STRICT_PROTOTYPES = YES;
				CLANG_WARN_SUSPICIOUS_MOVE = YES;
				CLANG_WARN_UNGUARDED_AVAILABILITY = YES_AGGRESSIVE;
				CLANG_WARN_UNREACHABLE_CODE = YES;
				CLANG_WARN__DUPLICATE_METHOD_MATCH = YES;
				COPY_PHASE_STRIP = NO;
				DEBUG_INFORMATION_FORMAT = dwarf;
				ENABLE_STRICT_OBJC_MSGSEND = YES;
				ENABLE_TESTABILITY = YES;
				GCC_C_LANGUAGE_STANDARD = gnu11;
				GCC_DYNAMIC_NO_PIC = NO;
				GCC_NO_COMMON_BLOCKS = YES;
				GCC_OPTIMIZATION_LEVEL = 0;
				GCC_PREPROCESSOR_DEFINITIONS = (
					"DEBUG=1",
					"$(inherited)",
				);
				GCC_WARN_64_TO_32_BIT_CONVERSION = YES;
				GCC_WARN_ABOUT_RETURN_TYPE = YES_ERROR;
				GCC_WARN_UNDECLARED_SELECTOR = YES;
				GCC_WARN_UNINITIALIZED_AUTOS = YES_AGGRESSIVE;
				GCC_WARN_UNUSED_FUNCTION = YES;
				GCC_WARN_UNUSED_VARIABLE = YES;
				IPHONEOS_DEPLOYMENT_TARGET = 13.2;
				MTL_ENABLE_DEBUG_INFO = INCLUDE_SOURCE;
				MTL_FAST_MATH = YES;
				ONLY_ACTIVE_ARCH = YES;
				SDKROOT = iphoneos;
				SWIFT_ACTIVE_COMPILATION_CONDITIONS = DEBUG;
				SWIFT_OPTIMIZATION_LEVEL = "-Onone";
			};
			name = Debug;
		};
		04001187238133B300D81A88 /* Release */ = {
			isa = XCBuildConfiguration;
			buildSettings = {
				ALWAYS_SEARCH_USER_PATHS = NO;
				CLANG_ANALYZER_NONNULL = YES;
				CLANG_ANALYZER_NUMBER_OBJECT_CONVERSION = YES_AGGRESSIVE;
				CLANG_CXX_LANGUAGE_STANDARD = "gnu++14";
				CLANG_CXX_LIBRARY = "libc++";
				CLANG_ENABLE_MODULES = YES;
				CLANG_ENABLE_OBJC_ARC = YES;
				CLANG_ENABLE_OBJC_WEAK = YES;
				CLANG_WARN_BLOCK_CAPTURE_AUTORELEASING = YES;
				CLANG_WARN_BOOL_CONVERSION = YES;
				CLANG_WARN_COMMA = YES;
				CLANG_WARN_CONSTANT_CONVERSION = YES;
				CLANG_WARN_DEPRECATED_OBJC_IMPLEMENTATIONS = YES;
				CLANG_WARN_DIRECT_OBJC_ISA_USAGE = YES_ERROR;
				CLANG_WARN_DOCUMENTATION_COMMENTS = YES;
				CLANG_WARN_EMPTY_BODY = YES;
				CLANG_WARN_ENUM_CONVERSION = YES;
				CLANG_WARN_INFINITE_RECURSION = YES;
				CLANG_WARN_INT_CONVERSION = YES;
				CLANG_WARN_NON_LITERAL_NULL_CONVERSION = YES;
				CLANG_WARN_OBJC_IMPLICIT_RETAIN_SELF = YES;
				CLANG_WARN_OBJC_LITERAL_CONVERSION = YES;
				CLANG_WARN_OBJC_ROOT_CLASS = YES_ERROR;
				CLANG_WARN_RANGE_LOOP_ANALYSIS = YES;
				CLANG_WARN_STRICT_PROTOTYPES = YES;
				CLANG_WARN_SUSPICIOUS_MOVE = YES;
				CLANG_WARN_UNGUARDED_AVAILABILITY = YES_AGGRESSIVE;
				CLANG_WARN_UNREACHABLE_CODE = YES;
				CLANG_WARN__DUPLICATE_METHOD_MATCH = YES;
				COPY_PHASE_STRIP = NO;
				DEBUG_INFORMATION_FORMAT = "dwarf-with-dsym";
				ENABLE_NS_ASSERTIONS = NO;
				ENABLE_STRICT_OBJC_MSGSEND = YES;
				GCC_C_LANGUAGE_STANDARD = gnu11;
				GCC_NO_COMMON_BLOCKS = YES;
				GCC_WARN_64_TO_32_BIT_CONVERSION = YES;
				GCC_WARN_ABOUT_RETURN_TYPE = YES_ERROR;
				GCC_WARN_UNDECLARED_SELECTOR = YES;
				GCC_WARN_UNINITIALIZED_AUTOS = YES_AGGRESSIVE;
				GCC_WARN_UNUSED_FUNCTION = YES;
				GCC_WARN_UNUSED_VARIABLE = YES;
				IPHONEOS_DEPLOYMENT_TARGET = 13.2;
				MTL_ENABLE_DEBUG_INFO = NO;
				MTL_FAST_MATH = YES;
				SDKROOT = iphoneos;
				SWIFT_COMPILATION_MODE = wholemodule;
				SWIFT_OPTIMIZATION_LEVEL = "-O";
				VALIDATE_PRODUCT = YES;
			};
			name = Release;
		};
		04001189238133B300D81A88 /* Debug */ = {
			isa = XCBuildConfiguration;
			buildSettings = {
				ASSETCATALOG_COMPILER_APPICON_NAME = AppIcon;
				CODE_SIGN_STYLE = Automatic;
				DEVELOPMENT_TEAM = PW6HFQMW7T;
				INFOPLIST_FILE = 100swift_Project14/Info.plist;
				LD_RUNPATH_SEARCH_PATHS = (
					"$(inherited)",
					"@executable_path/Frameworks",
				);
				PRODUCT_BUNDLE_IDENTIFIER = "com.example.-00swift-Project14";
				PRODUCT_NAME = "$(TARGET_NAME)";
				SWIFT_VERSION = 5.0;
				TARGETED_DEVICE_FAMILY = 2;
			};
			name = Debug;
		};
		0400118A238133B300D81A88 /* Release */ = {
			isa = XCBuildConfiguration;
			buildSettings = {
				ASSETCATALOG_COMPILER_APPICON_NAME = AppIcon;
				CODE_SIGN_STYLE = Automatic;
				DEVELOPMENT_TEAM = PW6HFQMW7T;
				INFOPLIST_FILE = 100swift_Project14/Info.plist;
				LD_RUNPATH_SEARCH_PATHS = (
					"$(inherited)",
					"@executable_path/Frameworks",
				);
				PRODUCT_BUNDLE_IDENTIFIER = "com.example.-00swift-Project14";
				PRODUCT_NAME = "$(TARGET_NAME)";
				SWIFT_VERSION = 5.0;
				TARGETED_DEVICE_FAMILY = 2;
			};
			name = Release;
		};
/* End XCBuildConfiguration section */

/* Begin XCConfigurationList section */
		0400116B238133B100D81A88 /* Build configuration list for PBXProject "100swift_Project14" */ = {
			isa = XCConfigurationList;
			buildConfigurations = (
				04001186238133B300D81A88 /* Debug */,
				04001187238133B300D81A88 /* Release */,
			);
			defaultConfigurationIsVisible = 0;
			defaultConfigurationName = Release;
		};
		04001188238133B300D81A88 /* Build configuration list for PBXNativeTarget "100swift_Project14" */ = {
			isa = XCConfigurationList;
			buildConfigurations = (
				04001189238133B300D81A88 /* Debug */,
				0400118A238133B300D81A88 /* Release */,
			);
			defaultConfigurationIsVisible = 0;
			defaultConfigurationName = Release;
		};
/* End XCConfigurationList section */
	};
	rootObject = 04001168238133B100D81A88 /* Project object */;
}
